
Microsoft Visual Studio Solution File, Format Version 12.00
# Visual Studio Version 16
VisualStudioVersion = 16.0.31424.327
MinimumVisualStudioVersion = 10.0.40219.1
Project("{9A19103F-16F7-4668-BE54-9A1E7A4F7556}") = "HelloFriendsAPI", "src\HelloFriendsAPI\HelloFriendsAPI.csproj", "{93C12F64-CABC-4020-AA9C-8AFC7D369821}"
EndProject
Global
	GlobalSection(SolutionConfigurationPlatforms) = preSolution
		Debug|Any CPU = Debug|Any CPU
		Release|Any CPU = Release|Any CPU
	EndGlobalSection
	GlobalSection(ProjectConfigurationPlatforms) = postSolution
		{93C12F64-CABC-4020-AA9C-8AFC7D369821}.Debug|Any CPU.ActiveCfg = Debug|Any CPU
		{93C12F64-CABC-4020-AA9C-8AFC7D369821}.Debug|Any CPU.Build.0 = Debug|Any CPU
		{93C12F64-CABC-4020-AA9C-8AFC7D369821}.Release|Any CPU.ActiveCfg = Release|Any CPU
		{93C12F64-CABC-4020-AA9C-8AFC7D369821}.Release|Any CPU.Build.0 = Release|Any CPU
	EndGlobalSection
	GlobalSection(SolutionProperties) = preSolution
		HideSolutionNode = FALSE
	EndGlobalSection
	GlobalSection(ExtensibilityGlobals) = postSolution
		SolutionGuid = {E4F57199-F001-4C60-B810-7F2EC2DDAC87}
	EndGlobalSection
EndGlobal
